
Microsoft Visual Studio Solution File, Format Version 12.00
# Visual Studio 15
VisualStudioVersion = 15.0.28307.572
MinimumVisualStudioVersion = 10.0.40219.1
Project("{2150E333-8FDC-42A3-9474-1A3956D46DE8}") = "source", "source", "{E329EC7B-ABB6-4B0E-A258-06C208B830EA}"
EndProject
Project("{2150E333-8FDC-42A3-9474-1A3956D46DE8}") = "tests", "tests", "{398264C3-242F-4D29-B7CD-71609EB03226}"
EndProject
Project("{9A19103F-16F7-4668-BE54-9A1E7A4F7556}") = "DKBS.Domain", "DKBS.Domain\DKBS.Domain.csproj", "{3580BD53-1163-40A5-9034-3D0300B12BC0}"
EndProject
Project("{9A19103F-16F7-4668-BE54-9A1E7A4F7556}") = "DKBS.Data.Migration", "DKBS.Data.Migration\DKBS.Data.Migration.csproj", "{092D9E86-2D8B-4127-9731-39682CF88A51}"
EndProject
Project("{9A19103F-16F7-4668-BE54-9A1E7A4F7556}") = "DKBS.API.Test", "DKBS.API.Test\DKBS.API.Test.csproj", "{187CA317-04A3-47EF-929E-EA884F5540B2}"
EndProject
Project("{9A19103F-16F7-4668-BE54-9A1E7A4F7556}") = "DKBS.Infrastructure", "DKBS.Infrastructure\DKBS.Infrastructure.csproj", "{317EDFDF-F165-436B-9C0A-EF2477FDEBB7}"
EndProject
Project("{9A19103F-16F7-4668-BE54-9A1E7A4F7556}") = "DKBS.Repository", "DKBS.Repository\DKBS.Repository.csproj", "{EF0E8BDE-4D14-4A0A-9484-AE17A1795587}"
EndProject
Project("{9A19103F-16F7-4668-BE54-9A1E7A4F7556}") = "DKBS.API", "DKBS.API\DKBS.API.csproj", "{53ED92C7-6635-4457-AA49-32AFAB33C386}"
EndProject
Project("{9A19103F-16F7-4668-BE54-9A1E7A4F7556}") = "DKBS.Data", "DKBS.Data\DKBS.Data.csproj", "{CEF5CB24-B74A-469F-B4A8-EFF89ECCB434}"
EndProject
Project("{9A19103F-16F7-4668-BE54-9A1E7A4F7556}") = "DKBS.DTO", "DKBS.DTO\DKBS.DTO.csproj", "{5502DE65-9FA0-467F-ACB8-5BF92F46D720}"
EndProject
Project("{2150E333-8FDC-42A3-9474-1A3956D46DE8}") = "database", "database", "{7350829B-71E9-4AF4-97D2-BE69DF221AFE}"
EndProject
Project("{00D1A9C2-B5F0-4AF3-8072-F6C62B433612}") = "DKBS.Database", "DKBS.Database\DKBS.Database.sqlproj", "{9A5879E6-D8D0-4F6D-BC6F-285E0D9F5542}"
EndProject
Project("{00D1A9C2-B5F0-4AF3-8072-F6C62B433612}") = "DKBS.Migration", "DKBS.Migration\DKBS.Migration.sqlproj", "{4DDA1991-62F8-41B3-997E-7C6F75CA128C}"
EndProject
Global
	GlobalSection(SolutionConfigurationPlatforms) = preSolution
		Debug|Any CPU = Debug|Any CPU
		Release|Any CPU = Release|Any CPU
	EndGlobalSection
	GlobalSection(ProjectConfigurationPlatforms) = postSolution
		{3580BD53-1163-40A5-9034-3D0300B12BC0}.Debug|Any CPU.ActiveCfg = Debug|Any CPU
		{3580BD53-1163-40A5-9034-3D0300B12BC0}.Debug|Any CPU.Build.0 = Debug|Any CPU
		{3580BD53-1163-40A5-9034-3D0300B12BC0}.Release|Any CPU.ActiveCfg = Release|Any CPU
		{3580BD53-1163-40A5-9034-3D0300B12BC0}.Release|Any CPU.Build.0 = Release|Any CPU
		{092D9E86-2D8B-4127-9731-39682CF88A51}.Debug|Any CPU.ActiveCfg = Debug|Any CPU
		{092D9E86-2D8B-4127-9731-39682CF88A51}.Debug|Any CPU.Build.0 = Debug|Any CPU
		{092D9E86-2D8B-4127-9731-39682CF88A51}.Release|Any CPU.ActiveCfg = Release|Any CPU
		{092D9E86-2D8B-4127-9731-39682CF88A51}.Release|Any CPU.Build.0 = Release|Any CPU
		{187CA317-04A3-47EF-929E-EA884F5540B2}.Debug|Any CPU.ActiveCfg = Debug|Any CPU
		{187CA317-04A3-47EF-929E-EA884F5540B2}.Debug|Any CPU.Build.0 = Debug|Any CPU
		{187CA317-04A3-47EF-929E-EA884F5540B2}.Release|Any CPU.ActiveCfg = Release|Any CPU
		{187CA317-04A3-47EF-929E-EA884F5540B2}.Release|Any CPU.Build.0 = Release|Any CPU
		{317EDFDF-F165-436B-9C0A-EF2477FDEBB7}.Debug|Any CPU.ActiveCfg = Debug|Any CPU
		{317EDFDF-F165-436B-9C0A-EF2477FDEBB7}.Debug|Any CPU.Build.0 = Debug|Any CPU
		{317EDFDF-F165-436B-9C0A-EF2477FDEBB7}.Release|Any CPU.ActiveCfg = Release|Any CPU
		{317EDFDF-F165-436B-9C0A-EF2477FDEBB7}.Release|Any CPU.Build.0 = Release|Any CPU
		{EF0E8BDE-4D14-4A0A-9484-AE17A1795587}.Debug|Any CPU.ActiveCfg = Debug|Any CPU
		{EF0E8BDE-4D14-4A0A-9484-AE17A1795587}.Debug|Any CPU.Build.0 = Debug|Any CPU
		{EF0E8BDE-4D14-4A0A-9484-AE17A1795587}.Release|Any CPU.ActiveCfg = Release|Any CPU
		{EF0E8BDE-4D14-4A0A-9484-AE17A1795587}.Release|Any CPU.Build.0 = Release|Any CPU
		{53ED92C7-6635-4457-AA49-32AFAB33C386}.Debug|Any CPU.ActiveCfg = Debug|Any CPU
		{53ED92C7-6635-4457-AA49-32AFAB33C386}.Debug|Any CPU.Build.0 = Debug|Any CPU
		{53ED92C7-6635-4457-AA49-32AFAB33C386}.Release|Any CPU.ActiveCfg = Release|Any CPU
		{53ED92C7-6635-4457-AA49-32AFAB33C386}.Release|Any CPU.Build.0 = Release|Any CPU
		{CEF5CB24-B74A-469F-B4A8-EFF89ECCB434}.Debug|Any CPU.ActiveCfg = Debug|Any CPU
		{CEF5CB24-B74A-469F-B4A8-EFF89ECCB434}.Debug|Any CPU.Build.0 = Debug|Any CPU
		{CEF5CB24-B74A-469F-B4A8-EFF89ECCB434}.Release|Any CPU.ActiveCfg = Release|Any CPU
		{CEF5CB24-B74A-469F-B4A8-EFF89ECCB434}.Release|Any CPU.Build.0 = Release|Any CPU
		{5502DE65-9FA0-467F-ACB8-5BF92F46D720}.Debug|Any CPU.ActiveCfg = Debug|Any CPU
		{5502DE65-9FA0-467F-ACB8-5BF92F46D720}.Debug|Any CPU.Build.0 = Debug|Any CPU
		{5502DE65-9FA0-467F-ACB8-5BF92F46D720}.Release|Any CPU.ActiveCfg = Release|Any CPU
		{5502DE65-9FA0-467F-ACB8-5BF92F46D720}.Release|Any CPU.Build.0 = Release|Any CPU
		{9A5879E6-D8D0-4F6D-BC6F-285E0D9F5542}.Debug|Any CPU.ActiveCfg = Debug|Any CPU
		{9A5879E6-D8D0-4F6D-BC6F-285E0D9F5542}.Debug|Any CPU.Build.0 = Debug|Any CPU
		{9A5879E6-D8D0-4F6D-BC6F-285E0D9F5542}.Debug|Any CPU.Deploy.0 = Debug|Any CPU
		{9A5879E6-D8D0-4F6D-BC6F-285E0D9F5542}.Release|Any CPU.ActiveCfg = Release|Any CPU
		{9A5879E6-D8D0-4F6D-BC6F-285E0D9F5542}.Release|Any CPU.Build.0 = Release|Any CPU
		{9A5879E6-D8D0-4F6D-BC6F-285E0D9F5542}.Release|Any CPU.Deploy.0 = Release|Any CPU
		{4DDA1991-62F8-41B3-997E-7C6F75CA128C}.Debug|Any CPU.ActiveCfg = Debug|Any CPU
		{4DDA1991-62F8-41B3-997E-7C6F75CA128C}.Debug|Any CPU.Build.0 = Debug|Any CPU
		{4DDA1991-62F8-41B3-997E-7C6F75CA128C}.Debug|Any CPU.Deploy.0 = Debug|Any CPU
		{4DDA1991-62F8-41B3-997E-7C6F75CA128C}.Release|Any CPU.ActiveCfg = Release|Any CPU
		{4DDA1991-62F8-41B3-997E-7C6F75CA128C}.Release|Any CPU.Build.0 = Release|Any CPU
		{4DDA1991-62F8-41B3-997E-7C6F75CA128C}.Release|Any CPU.Deploy.0 = Release|Any CPU
	EndGlobalSection
	GlobalSection(SolutionProperties) = preSolution
		HideSolutionNode = FALSE
	EndGlobalSection
	GlobalSection(NestedProjects) = preSolution
		{3580BD53-1163-40A5-9034-3D0300B12BC0} = {E329EC7B-ABB6-4B0E-A258-06C208B830EA}
		{092D9E86-2D8B-4127-9731-39682CF88A51} = {E329EC7B-ABB6-4B0E-A258-06C208B830EA}
		{187CA317-04A3-47EF-929E-EA884F5540B2} = {398264C3-242F-4D29-B7CD-71609EB03226}
		{317EDFDF-F165-436B-9C0A-EF2477FDEBB7} = {E329EC7B-ABB6-4B0E-A258-06C208B830EA}
		{EF0E8BDE-4D14-4A0A-9484-AE17A1795587} = {E329EC7B-ABB6-4B0E-A258-06C208B830EA}
		{53ED92C7-6635-4457-AA49-32AFAB33C386} = {E329EC7B-ABB6-4B0E-A258-06C208B830EA}
		{CEF5CB24-B74A-469F-B4A8-EFF89ECCB434} = {E329EC7B-ABB6-4B0E-A258-06C208B830EA}
		{5502DE65-9FA0-467F-ACB8-5BF92F46D720} = {E329EC7B-ABB6-4B0E-A258-06C208B830EA}
		{9A5879E6-D8D0-4F6D-BC6F-285E0D9F5542} = {7350829B-71E9-4AF4-97D2-BE69DF221AFE}
		{4DDA1991-62F8-41B3-997E-7C6F75CA128C} = {7350829B-71E9-4AF4-97D2-BE69DF221AFE}
	EndGlobalSection
	GlobalSection(ExtensibilityGlobals) = postSolution
		SolutionGuid = {BEB4001D-563B-4C98-83A8-4340812CC130}
	EndGlobalSection
EndGlobal
